
Microsoft Visual Studio Solution File, Format Version 12.00
# Visual Studio Version 16
VisualStudioVersion = 16.0.30621.155
MinimumVisualStudioVersion = 10.0.40219.1
Project("{9A19103F-16F7-4668-BE54-9A1E7A4F7556}") = "NBsoft.Logs.Sql", "src\NBsoft.Logs.Sql\NBsoft.Logs.Sql.csproj", "{3D052BE9-94FE-4A12-AEE4-4ED167E33E1C}"
EndProject
Project("{2150E333-8FDC-42A3-9474-1A3956D46DE8}") = "NuGet", "NuGet", "{258795A6-FA66-415F-ADFC-7397B485E89F}"
	ProjectSection(SolutionItems) = preProject
		LICENSE = LICENSE
		NB.png = NB.png
		README.md = README.md
	EndProjectSection
EndProject
Global
	GlobalSection(SolutionConfigurationPlatforms) = preSolution
		Debug|Any CPU = Debug|Any CPU
		Release|Any CPU = Release|Any CPU
	EndGlobalSection
	GlobalSection(ProjectConfigurationPlatforms) = postSolution
		{3D052BE9-94FE-4A12-AEE4-4ED167E33E1C}.Debug|Any CPU.ActiveCfg = Debug|Any CPU
		{3D052BE9-94FE-4A12-AEE4-4ED167E33E1C}.Debug|Any CPU.Build.0 = Debug|Any CPU
		{3D052BE9-94FE-4A12-AEE4-4ED167E33E1C}.Release|Any CPU.ActiveCfg = Release|Any CPU
		{3D052BE9-94FE-4A12-AEE4-4ED167E33E1C}.Release|Any CPU.Build.0 = Release|Any CPU
	EndGlobalSection
	GlobalSection(SolutionProperties) = preSolution
		HideSolutionNode = FALSE
	EndGlobalSection
	GlobalSection(ExtensibilityGlobals) = postSolution
		SolutionGuid = {68B5FFDA-7D1E-4670-A83B-EBEBB5178E6D}
	EndGlobalSection
EndGlobal
